
Microsoft Visual Studio Solution File, Format Version 12.00
# Visual Studio 15
VisualStudioVersion = 15.0.27703.2035
MinimumVisualStudioVersion = 10.0.40219.1
Project("{FAE04EC0-301F-11D3-BF4B-00C04F79EFBC}") = "G6.Test", "G6.Test\G6.Test.csproj", "{FF973246-711B-49BD-9FCC-0E0EB2D222E8}"
EndProject
Global
	GlobalSection(SolutionConfigurationPlatforms) = preSolution
		Debug|Any CPU = Debug|Any CPU
		Release|Any CPU = Release|Any CPU
	EndGlobalSection
	GlobalSection(ProjectConfigurationPlatforms) = postSolution
		{FF973246-711B-49BD-9FCC-0E0EB2D222E8}.Debug|Any CPU.ActiveCfg = Debug|Any CPU
		{FF973246-711B-49BD-9FCC-0E0EB2D222E8}.Debug|Any CPU.Build.0 = Debug|Any CPU
		{FF973246-711B-49BD-9FCC-0E0EB2D222E8}.Release|Any CPU.ActiveCfg = Release|Any CPU
		{FF973246-711B-49BD-9FCC-0E0EB2D222E8}.Release|Any CPU.Build.0 = Release|Any CPU
	EndGlobalSection
	GlobalSection(SolutionProperties) = preSolution
		HideSolutionNode = FALSE
	EndGlobalSection
	GlobalSection(ExtensibilityGlobals) = postSolution
		SolutionGuid = {D7919D9D-1D73-4A9F-91B9-242CE7B466B2}
	EndGlobalSection
EndGlobal
